
Microsoft Visual Studio Solution File, Format Version 12.00
# Visual Studio 15
VisualStudioVersion = 15.0.28010.2046
MinimumVisualStudioVersion = 10.0.40219.1
Project("{FAE04EC0-301F-11D3-BF4B-00C04F79EFBC}") = "KR", "KR\KR.csproj", "{0B3DA7D1-8BDD-4DC8-B89F-BC3F28FF671E}"
EndProject
Global
	GlobalSection(SolutionConfigurationPlatforms) = preSolution
		Debug|Any CPU = Debug|Any CPU
		Release|Any CPU = Release|Any CPU
	EndGlobalSection
	GlobalSection(ProjectConfigurationPlatforms) = postSolution
		{0B3DA7D1-8BDD-4DC8-B89F-BC3F28FF671E}.Debug|Any CPU.ActiveCfg = Debug|Any CPU
		{0B3DA7D1-8BDD-4DC8-B89F-BC3F28FF671E}.Debug|Any CPU.Build.0 = Debug|Any CPU
		{0B3DA7D1-8BDD-4DC8-B89F-BC3F28FF671E}.Release|Any CPU.ActiveCfg = Release|Any CPU
		{0B3DA7D1-8BDD-4DC8-B89F-BC3F28FF671E}.Release|Any CPU.Build.0 = Release|Any CPU
	EndGlobalSection
	GlobalSection(SolutionProperties) = preSolution
		HideSolutionNode = FALSE
	EndGlobalSection
	GlobalSection(ExtensibilityGlobals) = postSolution
		SolutionGuid = {FB032F23-FA7B-4C5F-9EDA-F08FFF2AF6E8}
	EndGlobalSection
EndGlobal
