
Microsoft Visual Studio Solution File, Format Version 12.00
# Visual Studio 15
VisualStudioVersion = 15.0.28307.168
MinimumVisualStudioVersion = 10.0.40219.1
Project("{FAE04EC0-301F-11D3-BF4B-00C04F79EFBC}") = "Lab9", "Lab9\Lab9.csproj", "{9D2AA3CF-8066-4B03-A6B3-DB42D207BE3B}"
EndProject
Global
	GlobalSection(SolutionConfigurationPlatforms) = preSolution
		Debug|Any CPU = Debug|Any CPU
		Release|Any CPU = Release|Any CPU
	EndGlobalSection
	GlobalSection(ProjectConfigurationPlatforms) = postSolution
		{9D2AA3CF-8066-4B03-A6B3-DB42D207BE3B}.Debug|Any CPU.ActiveCfg = Debug|Any CPU
		{9D2AA3CF-8066-4B03-A6B3-DB42D207BE3B}.Debug|Any CPU.Build.0 = Debug|Any CPU
		{9D2AA3CF-8066-4B03-A6B3-DB42D207BE3B}.Release|Any CPU.ActiveCfg = Release|Any CPU
		{9D2AA3CF-8066-4B03-A6B3-DB42D207BE3B}.Release|Any CPU.Build.0 = Release|Any CPU
	EndGlobalSection
	GlobalSection(SolutionProperties) = preSolution
		HideSolutionNode = FALSE
	EndGlobalSection
	GlobalSection(ExtensibilityGlobals) = postSolution
		SolutionGuid = {C98531A1-DE67-4EDD-A336-2B0D1329188F}
	EndGlobalSection
EndGlobal
