
Microsoft Visual Studio Solution File, Format Version 12.00
# Visual Studio 15
VisualStudioVersion = 15.0.28307.168
MinimumVisualStudioVersion = 10.0.40219.1
Project("{FAE04EC0-301F-11D3-BF4B-00C04F79EFBC}") = "Lab_13", "Lab_13\Lab_13.csproj", "{B92ECA6D-6298-40A9-8B42-5D3B32F66C0E}"
EndProject
Global
	GlobalSection(SolutionConfigurationPlatforms) = preSolution
		Debug|Any CPU = Debug|Any CPU
		Release|Any CPU = Release|Any CPU
	EndGlobalSection
	GlobalSection(ProjectConfigurationPlatforms) = postSolution
		{B92ECA6D-6298-40A9-8B42-5D3B32F66C0E}.Debug|Any CPU.ActiveCfg = Debug|Any CPU
		{B92ECA6D-6298-40A9-8B42-5D3B32F66C0E}.Debug|Any CPU.Build.0 = Debug|Any CPU
		{B92ECA6D-6298-40A9-8B42-5D3B32F66C0E}.Release|Any CPU.ActiveCfg = Release|Any CPU
		{B92ECA6D-6298-40A9-8B42-5D3B32F66C0E}.Release|Any CPU.Build.0 = Release|Any CPU
	EndGlobalSection
	GlobalSection(SolutionProperties) = preSolution
		HideSolutionNode = FALSE
	EndGlobalSection
	GlobalSection(ExtensibilityGlobals) = postSolution
		SolutionGuid = {157C56E9-355A-47DA-8DD7-5BDCDD83D1DB}
	EndGlobalSection
EndGlobal
