
Microsoft Visual Studio Solution File, Format Version 12.00
# Visual Studio 15
VisualStudioVersion = 15.0.28010.2041
MinimumVisualStudioVersion = 10.0.40219.1
Project("{FAE04EC0-301F-11D3-BF4B-00C04F79EFBC}") = "Lab3", "Lab3\Lab3.csproj", "{BF2B675E-0A9B-4625-BEF7-92C6A55BFD88}"
EndProject
Global
	GlobalSection(SolutionConfigurationPlatforms) = preSolution
		Debug|Any CPU = Debug|Any CPU
		Release|Any CPU = Release|Any CPU
	EndGlobalSection
	GlobalSection(ProjectConfigurationPlatforms) = postSolution
		{BF2B675E-0A9B-4625-BEF7-92C6A55BFD88}.Debug|Any CPU.ActiveCfg = Debug|Any CPU
		{BF2B675E-0A9B-4625-BEF7-92C6A55BFD88}.Debug|Any CPU.Build.0 = Debug|Any CPU
		{BF2B675E-0A9B-4625-BEF7-92C6A55BFD88}.Release|Any CPU.ActiveCfg = Release|Any CPU
		{BF2B675E-0A9B-4625-BEF7-92C6A55BFD88}.Release|Any CPU.Build.0 = Release|Any CPU
	EndGlobalSection
	GlobalSection(SolutionProperties) = preSolution
		HideSolutionNode = FALSE
	EndGlobalSection
	GlobalSection(ExtensibilityGlobals) = postSolution
		SolutionGuid = {A41F75AF-1338-4E80-B134-C349647954B9}
	EndGlobalSection
EndGlobal
